
Microsoft Visual Studio Solution File, Format Version 12.00
# Visual Studio Version 16
VisualStudioVersion = 16.0.31911.196
MinimumVisualStudioVersion = 10.0.40219.1
Project("{2150E333-8FDC-42A3-9474-1A3956D46DE8}") = "IdentityServer", "IdentityServer", "{F94ABA1A-FB3A-4C4E-BEAB-5A4F56EABADB}"
EndProject
Project("{9A19103F-16F7-4668-BE54-9A1E7A4F7556}") = "IdentityServer", "IdentityServer\IdentityServer\IdentityServer.csproj", "{2B8C0160-F77E-47C1-994C-4844258E28A0}"
EndProject
Project("{2150E333-8FDC-42A3-9474-1A3956D46DE8}") = "Services", "Services", "{F34DFCDE-53C0-4354-B393-8C188002340B}"
EndProject
Project("{2150E333-8FDC-42A3-9474-1A3956D46DE8}") = "Products", "Products", "{A4393E6F-8462-412E-BC63-5CA041F9882A}"
EndProject
Project("{FAE04EC0-301F-11D3-BF4B-00C04F79EFBC}") = "Products.API", "Services\Products\Products.API\Products.API.csproj", "{604410F6-035A-4860-8182-37D6558B5AFB}"
EndProject
Project("{FAE04EC0-301F-11D3-BF4B-00C04F79EFBC}") = "Products.Application", "Services\Products\Products.Application\Products.Application.csproj", "{20975424-FA2C-4A6F-A4B3-E51134FBE572}"
EndProject
Project("{FAE04EC0-301F-11D3-BF4B-00C04F79EFBC}") = "Products.Domain", "Services\Products\Products.Domain\Products.Domain.csproj", "{55BD2915-C037-4BF9-9910-9116C630967C}"
EndProject
Project("{FAE04EC0-301F-11D3-BF4B-00C04F79EFBC}") = "Products.Infrastructure", "Services\Products\Products.Infrastructure\Products.Infrastructure.csproj", "{CCC4A012-2CF5-42A2-8748-1EADFD082E57}"
EndProject
Project("{2150E333-8FDC-42A3-9474-1A3956D46DE8}") = "Commerce", "Commerce", "{E2492B6C-28FF-48D7-B0EB-14AFEF184583}"
EndProject
Project("{FAE04EC0-301F-11D3-BF4B-00C04F79EFBC}") = "Commerce.API", "Services\Commerce\Commerce.API\Commerce.API.csproj", "{6E7FD03C-327C-4E4C-BCD3-D136F8E50C35}"
EndProject
Project("{FAE04EC0-301F-11D3-BF4B-00C04F79EFBC}") = "Commerce.Application", "Services\Commerce\Commerce.Application\Commerce.Application.csproj", "{59F0979C-73C5-40D3-9ADE-5F609F51940F}"
EndProject
Project("{FAE04EC0-301F-11D3-BF4B-00C04F79EFBC}") = "Commerce.Domain", "Services\Commerce\Commerce.Domain\Commerce.Domain.csproj", "{AE04CEC0-158E-41AA-851D-B3418AB76812}"
EndProject
Project("{FAE04EC0-301F-11D3-BF4B-00C04F79EFBC}") = "Services.Infrastructure", "Services\Commerce\Services.Infrastructure\Services.Infrastructure.csproj", "{C8968E5A-7611-4BBB-8D5F-0ED739B277BD}"
EndProject
Project("{2150E333-8FDC-42A3-9474-1A3956D46DE8}") = "Customers", "Customers", "{FB8F0644-BBE5-4327-B22B-36AAFC17666A}"
EndProject
Project("{FAE04EC0-301F-11D3-BF4B-00C04F79EFBC}") = "Customers.Infrastructure", "Services\Customers\Customers.Infrastructure\Customers.Infrastructure.csproj", "{FA07E5BD-1854-43FC-978C-143917C1815C}"
EndProject
Project("{FAE04EC0-301F-11D3-BF4B-00C04F79EFBC}") = "Customers.Domain", "Services\Customers\Customers.Domain\Customers.Domain.csproj", "{AA5A6A44-E446-4494-AAFF-97278F816308}"
EndProject
Project("{FAE04EC0-301F-11D3-BF4B-00C04F79EFBC}") = "Customers.Application", "Services\Customers\Customers.Application\Customers.Application.csproj", "{5BCC171F-52E1-417E-BE50-A190B6A4B1D7}"
EndProject
Project("{FAE04EC0-301F-11D3-BF4B-00C04F79EFBC}") = "Customers.API", "services\customers\Customers.API\Customers.API.csproj", "{63D4914F-9296-4A7F-8247-D17A17413365}"
EndProject
Global
	GlobalSection(SolutionConfigurationPlatforms) = preSolution
		Debug|Any CPU = Debug|Any CPU
		Release|Any CPU = Release|Any CPU
	EndGlobalSection
	GlobalSection(ProjectConfigurationPlatforms) = postSolution
		{2B8C0160-F77E-47C1-994C-4844258E28A0}.Debug|Any CPU.ActiveCfg = Debug|Any CPU
		{2B8C0160-F77E-47C1-994C-4844258E28A0}.Debug|Any CPU.Build.0 = Debug|Any CPU
		{2B8C0160-F77E-47C1-994C-4844258E28A0}.Release|Any CPU.ActiveCfg = Release|Any CPU
		{2B8C0160-F77E-47C1-994C-4844258E28A0}.Release|Any CPU.Build.0 = Release|Any CPU
		{604410F6-035A-4860-8182-37D6558B5AFB}.Debug|Any CPU.ActiveCfg = Debug|Any CPU
		{604410F6-035A-4860-8182-37D6558B5AFB}.Debug|Any CPU.Build.0 = Debug|Any CPU
		{604410F6-035A-4860-8182-37D6558B5AFB}.Release|Any CPU.ActiveCfg = Release|Any CPU
		{604410F6-035A-4860-8182-37D6558B5AFB}.Release|Any CPU.Build.0 = Release|Any CPU
		{20975424-FA2C-4A6F-A4B3-E51134FBE572}.Debug|Any CPU.ActiveCfg = Debug|Any CPU
		{20975424-FA2C-4A6F-A4B3-E51134FBE572}.Debug|Any CPU.Build.0 = Debug|Any CPU
		{20975424-FA2C-4A6F-A4B3-E51134FBE572}.Release|Any CPU.ActiveCfg = Release|Any CPU
		{20975424-FA2C-4A6F-A4B3-E51134FBE572}.Release|Any CPU.Build.0 = Release|Any CPU
		{55BD2915-C037-4BF9-9910-9116C630967C}.Debug|Any CPU.ActiveCfg = Debug|Any CPU
		{55BD2915-C037-4BF9-9910-9116C630967C}.Debug|Any CPU.Build.0 = Debug|Any CPU
		{55BD2915-C037-4BF9-9910-9116C630967C}.Release|Any CPU.ActiveCfg = Release|Any CPU
		{55BD2915-C037-4BF9-9910-9116C630967C}.Release|Any CPU.Build.0 = Release|Any CPU
		{CCC4A012-2CF5-42A2-8748-1EADFD082E57}.Debug|Any CPU.ActiveCfg = Debug|Any CPU
		{CCC4A012-2CF5-42A2-8748-1EADFD082E57}.Debug|Any CPU.Build.0 = Debug|Any CPU
		{CCC4A012-2CF5-42A2-8748-1EADFD082E57}.Release|Any CPU.ActiveCfg = Release|Any CPU
		{CCC4A012-2CF5-42A2-8748-1EADFD082E57}.Release|Any CPU.Build.0 = Release|Any CPU
		{6E7FD03C-327C-4E4C-BCD3-D136F8E50C35}.Debug|Any CPU.ActiveCfg = Debug|Any CPU
		{6E7FD03C-327C-4E4C-BCD3-D136F8E50C35}.Debug|Any CPU.Build.0 = Debug|Any CPU
		{6E7FD03C-327C-4E4C-BCD3-D136F8E50C35}.Release|Any CPU.ActiveCfg = Release|Any CPU
		{6E7FD03C-327C-4E4C-BCD3-D136F8E50C35}.Release|Any CPU.Build.0 = Release|Any CPU
		{59F0979C-73C5-40D3-9ADE-5F609F51940F}.Debug|Any CPU.ActiveCfg = Debug|Any CPU
		{59F0979C-73C5-40D3-9ADE-5F609F51940F}.Debug|Any CPU.Build.0 = Debug|Any CPU
		{59F0979C-73C5-40D3-9ADE-5F609F51940F}.Release|Any CPU.ActiveCfg = Release|Any CPU
		{59F0979C-73C5-40D3-9ADE-5F609F51940F}.Release|Any CPU.Build.0 = Release|Any CPU
		{AE04CEC0-158E-41AA-851D-B3418AB76812}.Debug|Any CPU.ActiveCfg = Debug|Any CPU
		{AE04CEC0-158E-41AA-851D-B3418AB76812}.Debug|Any CPU.Build.0 = Debug|Any CPU
		{AE04CEC0-158E-41AA-851D-B3418AB76812}.Release|Any CPU.ActiveCfg = Release|Any CPU
		{AE04CEC0-158E-41AA-851D-B3418AB76812}.Release|Any CPU.Build.0 = Release|Any CPU
		{C8968E5A-7611-4BBB-8D5F-0ED739B277BD}.Debug|Any CPU.ActiveCfg = Debug|Any CPU
		{C8968E5A-7611-4BBB-8D5F-0ED739B277BD}.Debug|Any CPU.Build.0 = Debug|Any CPU
		{C8968E5A-7611-4BBB-8D5F-0ED739B277BD}.Release|Any CPU.ActiveCfg = Release|Any CPU
		{C8968E5A-7611-4BBB-8D5F-0ED739B277BD}.Release|Any CPU.Build.0 = Release|Any CPU
		{FA07E5BD-1854-43FC-978C-143917C1815C}.Debug|Any CPU.ActiveCfg = Debug|Any CPU
		{FA07E5BD-1854-43FC-978C-143917C1815C}.Debug|Any CPU.Build.0 = Debug|Any CPU
		{FA07E5BD-1854-43FC-978C-143917C1815C}.Release|Any CPU.ActiveCfg = Release|Any CPU
		{FA07E5BD-1854-43FC-978C-143917C1815C}.Release|Any CPU.Build.0 = Release|Any CPU
		{AA5A6A44-E446-4494-AAFF-97278F816308}.Debug|Any CPU.ActiveCfg = Debug|Any CPU
		{AA5A6A44-E446-4494-AAFF-97278F816308}.Debug|Any CPU.Build.0 = Debug|Any CPU
		{AA5A6A44-E446-4494-AAFF-97278F816308}.Release|Any CPU.ActiveCfg = Release|Any CPU
		{AA5A6A44-E446-4494-AAFF-97278F816308}.Release|Any CPU.Build.0 = Release|Any CPU
		{5BCC171F-52E1-417E-BE50-A190B6A4B1D7}.Debug|Any CPU.ActiveCfg = Debug|Any CPU
		{5BCC171F-52E1-417E-BE50-A190B6A4B1D7}.Debug|Any CPU.Build.0 = Debug|Any CPU
		{5BCC171F-52E1-417E-BE50-A190B6A4B1D7}.Release|Any CPU.ActiveCfg = Release|Any CPU
		{5BCC171F-52E1-417E-BE50-A190B6A4B1D7}.Release|Any CPU.Build.0 = Release|Any CPU
		{63D4914F-9296-4A7F-8247-D17A17413365}.Debug|Any CPU.ActiveCfg = Debug|Any CPU
		{63D4914F-9296-4A7F-8247-D17A17413365}.Debug|Any CPU.Build.0 = Debug|Any CPU
		{63D4914F-9296-4A7F-8247-D17A17413365}.Release|Any CPU.ActiveCfg = Release|Any CPU
		{63D4914F-9296-4A7F-8247-D17A17413365}.Release|Any CPU.Build.0 = Release|Any CPU
	EndGlobalSection
	GlobalSection(SolutionProperties) = preSolution
		HideSolutionNode = FALSE
	EndGlobalSection
	GlobalSection(NestedProjects) = preSolution
		{2B8C0160-F77E-47C1-994C-4844258E28A0} = {F94ABA1A-FB3A-4C4E-BEAB-5A4F56EABADB}
		{A4393E6F-8462-412E-BC63-5CA041F9882A} = {F34DFCDE-53C0-4354-B393-8C188002340B}
		{604410F6-035A-4860-8182-37D6558B5AFB} = {A4393E6F-8462-412E-BC63-5CA041F9882A}
		{20975424-FA2C-4A6F-A4B3-E51134FBE572} = {A4393E6F-8462-412E-BC63-5CA041F9882A}
		{55BD2915-C037-4BF9-9910-9116C630967C} = {A4393E6F-8462-412E-BC63-5CA041F9882A}
		{CCC4A012-2CF5-42A2-8748-1EADFD082E57} = {A4393E6F-8462-412E-BC63-5CA041F9882A}
		{E2492B6C-28FF-48D7-B0EB-14AFEF184583} = {F34DFCDE-53C0-4354-B393-8C188002340B}
		{6E7FD03C-327C-4E4C-BCD3-D136F8E50C35} = {E2492B6C-28FF-48D7-B0EB-14AFEF184583}
		{59F0979C-73C5-40D3-9ADE-5F609F51940F} = {E2492B6C-28FF-48D7-B0EB-14AFEF184583}
		{AE04CEC0-158E-41AA-851D-B3418AB76812} = {E2492B6C-28FF-48D7-B0EB-14AFEF184583}
		{C8968E5A-7611-4BBB-8D5F-0ED739B277BD} = {E2492B6C-28FF-48D7-B0EB-14AFEF184583}
		{FB8F0644-BBE5-4327-B22B-36AAFC17666A} = {F34DFCDE-53C0-4354-B393-8C188002340B}
		{FA07E5BD-1854-43FC-978C-143917C1815C} = {FB8F0644-BBE5-4327-B22B-36AAFC17666A}
		{AA5A6A44-E446-4494-AAFF-97278F816308} = {FB8F0644-BBE5-4327-B22B-36AAFC17666A}
		{5BCC171F-52E1-417E-BE50-A190B6A4B1D7} = {FB8F0644-BBE5-4327-B22B-36AAFC17666A}
		{63D4914F-9296-4A7F-8247-D17A17413365} = {FB8F0644-BBE5-4327-B22B-36AAFC17666A}
	EndGlobalSection
	GlobalSection(ExtensibilityGlobals) = postSolution
		SolutionGuid = {BDDCC66A-B592-4145-A4F8-1D72B25CB22C}
	EndGlobalSection
EndGlobal
