
Microsoft Visual Studio Solution File, Format Version 12.00
# Visual Studio Version 16
VisualStudioVersion = 16.0.31911.196
MinimumVisualStudioVersion = 10.0.40219.1
Project("{2150E333-8FDC-42A3-9474-1A3956D46DE8}") = "IdentityServer", "IdentityServer", "{F94ABA1A-FB3A-4C4E-BEAB-5A4F56EABADB}"
EndProject
Project("{9A19103F-16F7-4668-BE54-9A1E7A4F7556}") = "IdentityServer", "IdentityServer\IdentityServer\IdentityServer.csproj", "{2B8C0160-F77E-47C1-994C-4844258E28A0}"
EndProject
Project("{2150E333-8FDC-42A3-9474-1A3956D46DE8}") = "Services", "Services", "{F34DFCDE-53C0-4354-B393-8C188002340B}"
EndProject
Global
	GlobalSection(SolutionConfigurationPlatforms) = preSolution
		Debug|Any CPU = Debug|Any CPU
		Release|Any CPU = Release|Any CPU
	EndGlobalSection
	GlobalSection(ProjectConfigurationPlatforms) = postSolution
		{2B8C0160-F77E-47C1-994C-4844258E28A0}.Debug|Any CPU.ActiveCfg = Debug|Any CPU
		{2B8C0160-F77E-47C1-994C-4844258E28A0}.Debug|Any CPU.Build.0 = Debug|Any CPU
		{2B8C0160-F77E-47C1-994C-4844258E28A0}.Release|Any CPU.ActiveCfg = Release|Any CPU
		{2B8C0160-F77E-47C1-994C-4844258E28A0}.Release|Any CPU.Build.0 = Release|Any CPU
	EndGlobalSection
	GlobalSection(SolutionProperties) = preSolution
		HideSolutionNode = FALSE
	EndGlobalSection
	GlobalSection(NestedProjects) = preSolution
		{2B8C0160-F77E-47C1-994C-4844258E28A0} = {F94ABA1A-FB3A-4C4E-BEAB-5A4F56EABADB}
	EndGlobalSection
	GlobalSection(ExtensibilityGlobals) = postSolution
		SolutionGuid = {BDDCC66A-B592-4145-A4F8-1D72B25CB22C}
	EndGlobalSection
EndGlobal
